Microsoft Visual Studio Solution File, Format Version 12.00
# Visual Studio Version 17
VisualStudioVersion = 17.0.31903.59
MinimumVisualStudioVersion = 10.0.40219.1
Project("{FAE04EC0-301F-11D3-BF4B-00C04F79EFBC}") = "QS3D.Cad.Host", "src\QS3D.Cad.Host\QS3D.Cad.Host.csproj", "{A9346F02-0474-4C6E-A921-7A00EE50D95A}"
EndProject
Project("{FAE04EC0-301F-11D3-BF4B-00C04F79EFBC}") = "QS3D.Cad.Cli", "src\QS3D.Cad.Cli\QS3D.Cad.Cli.csproj", "{31C58F70-0C35-442D-A746-B914550D7E40}"
EndProject
Project("{FAE04EC0-301F-11D3-BF4B-00C04F79EFBC}") = "QS3D.Cad.Desktop", "src\QS3D.Cad.Desktop\QS3D.Cad.Desktop.csproj", "{092BBEF4-5EBE-4D95-A987-78D2E7ED9100}"
EndProject
Project("{FAE04EC0-301F-11D3-BF4B-00C04F79EFBC}") = "QS3D.Cad.Native.Oda.Bootstrap", "src\QS3D.Cad.Native.Oda.Bootstrap\QS3D.Cad.Native.Oda.Bootstrap.csproj", "{DD403AD9-4528-4188-B4AE-D737671C1BC5}"
EndProject
Project("{FAE04EC0-301F-11D3-BF4B-00C04F79EFBC}") = "QS3D.Cad.SmokeTests", "tests\QS3D.Cad.SmokeTests\QS3D.Cad.SmokeTests.csproj", "{D0A12E20-B76D-476D-B919-8835429DE20F}"
EndProject
Global
  GlobalSection(SolutionConfigurationPlatforms) = preSolution
    Debug|Any CPU = Debug|Any CPU
    Release|Any CPU = Release|Any CPU
  EndGlobalSection
  GlobalSection(ProjectConfigurationPlatforms) = postSolution
    {A9346F02-0474-4C6E-A921-7A00EE50D95A}.Debug|Any CPU.ActiveCfg = Debug|Any CPU
    {A9346F02-0474-4C6E-A921-7A00EE50D95A}.Debug|Any CPU.Build.0 = Debug|Any CPU
    {A9346F02-0474-4C6E-A921-7A00EE50D95A}.Release|Any CPU.ActiveCfg = Release|Any CPU
    {A9346F02-0474-4C6E-A921-7A00EE50D95A}.Release|Any CPU.Build.0 = Release|Any CPU
    {31C58F70-0C35-442D-A746-B914550D7E40}.Debug|Any CPU.ActiveCfg = Debug|Any CPU
    {31C58F70-0C35-442D-A746-B914550D7E40}.Debug|Any CPU.Build.0 = Debug|Any CPU
    {31C58F70-0C35-442D-A746-B914550D7E40}.Release|Any CPU.ActiveCfg = Release|Any CPU
    {31C58F70-0C35-442D-A746-B914550D7E40}.Release|Any CPU.Build.0 = Release|Any CPU
    {092BBEF4-5EBE-4D95-A987-78D2E7ED9100}.Debug|Any CPU.ActiveCfg = Debug|Any CPU
    {092BBEF4-5EBE-4D95-A987-78D2E7ED9100}.Debug|Any CPU.Build.0 = Debug|Any CPU
    {092BBEF4-5EBE-4D95-A987-78D2E7ED9100}.Release|Any CPU.ActiveCfg = Release|Any CPU
    {092BBEF4-5EBE-4D95-A987-78D2E7ED9100}.Release|Any CPU.Build.0 = Release|Any CPU
    {DD403AD9-4528-4188-B4AE-D737671C1BC5}.Debug|Any CPU.ActiveCfg = Debug|Any CPU
    {DD403AD9-4528-4188-B4AE-D737671C1BC5}.Debug|Any CPU.Build.0 = Debug|Any CPU
    {DD403AD9-4528-4188-B4AE-D737671C1BC5}.Release|Any CPU.ActiveCfg = Release|Any CPU
    {DD403AD9-4528-4188-B4AE-D737671C1BC5}.Release|Any CPU.Build.0 = Release|Any CPU
    {D0A12E20-B76D-476D-B919-8835429DE20F}.Debug|Any CPU.ActiveCfg = Debug|Any CPU
    {D0A12E20-B76D-476D-B919-8835429DE20F}.Debug|Any CPU.Build.0 = Debug|Any CPU
    {D0A12E20-B76D-476D-B919-8835429DE20F}.Release|Any CPU.ActiveCfg = Release|Any CPU
    {D0A12E20-B76D-476D-B919-8835429DE20F}.Release|Any CPU.Build.0 = Release|Any CPU
  EndGlobalSection
EndGlobal
